
Microsoft Visual Studio Solution File, Format Version 12.00
# Visual Studio Version 17
VisualStudioVersion = 17.0.31919.166
MinimumVisualStudioVersion = 10.0.40219.1
Project("{FAE04EC0-301F-11D3-BF4B-00C04F79EFBC}") = "AdventOfCode2021", "AdventOfCode2021\AdventOfCode2021.csproj", "{6BE0D257-F979-405F-B2BB-D09850403575}"
EndProject
Global
	GlobalSection(SolutionConfigurationPlatforms) = preSolution
		Debug|Any CPU = Debug|Any CPU
		Release|Any CPU = Release|Any CPU
	EndGlobalSection
	GlobalSection(ProjectConfigurationPlatforms) = postSolution
		{6BE0D257-F979-405F-B2BB-D09850403575}.Debug|Any CPU.ActiveCfg = Debug|Any CPU
		{6BE0D257-F979-405F-B2BB-D09850403575}.Debug|Any CPU.Build.0 = Debug|Any CPU
		{6BE0D257-F979-405F-B2BB-D09850403575}.Release|Any CPU.ActiveCfg = Release|Any CPU
		{6BE0D257-F979-405F-B2BB-D09850403575}.Release|Any CPU.Build.0 = Release|Any CPU
	EndGlobalSection
	GlobalSection(SolutionProperties) = preSolution
		HideSolutionNode = FALSE
	EndGlobalSection
	GlobalSection(ExtensibilityGlobals) = postSolution
		SolutionGuid = {D6094BF2-A639-42A9-B56B-215265043087}
	EndGlobalSection
EndGlobal
